
Microsoft Visual Studio Solution File, Format Version 12.00
# Visual Studio Version 17
VisualStudioVersion = 17.5.33530.505
MinimumVisualStudioVersion = 10.0.40219.1
Project("{8BC9CEB8-8B4A-11D0-8D11-00A0C91BC942}") = "five", "five.vcxproj", "{3FBBF229-A817-49F6-A2BA-EBE227534AA5}"
EndProject
Global
	GlobalSection(SolutionConfigurationPlatforms) = preSolution
		Debug|x64 = Debug|x64
		Debug|x86 = Debug|x86
		Release|x64 = Release|x64
		Release|x86 = Release|x86
	EndGlobalSection
	GlobalSection(ProjectConfigurationPlatforms) = postSolution
		{3FBBF229-A817-49F6-A2BA-EBE227534AA5}.Debug|x64.ActiveCfg = Debug|x64
		{3FBBF229-A817-49F6-A2BA-EBE227534AA5}.Debug|x64.Build.0 = Debug|x64
		{3FBBF229-A817-49F6-A2BA-EBE227534AA5}.Debug|x86.ActiveCfg = Debug|Win32
		{3FBBF229-A817-49F6-A2BA-EBE227534AA5}.Debug|x86.Build.0 = Debug|Win32
		{3FBBF229-A817-49F6-A2BA-EBE227534AA5}.Release|x64.ActiveCfg = Release|x64
		{3FBBF229-A817-49F6-A2BA-EBE227534AA5}.Release|x64.Build.0 = Release|x64
		{3FBBF229-A817-49F6-A2BA-EBE227534AA5}.Release|x86.ActiveCfg = Release|Win32
		{3FBBF229-A817-49F6-A2BA-EBE227534AA5}.Release|x86.Build.0 = Release|Win32
	EndGlobalSection
	GlobalSection(SolutionProperties) = preSolution
		HideSolutionNode = FALSE
	EndGlobalSection
	GlobalSection(ExtensibilityGlobals) = postSolution
		SolutionGuid = {D75E380C-E7A4-40B1-B0BB-F950B6707968}
	EndGlobalSection
EndGlobal
